
Microsoft Visual Studio Solution File, Format Version 12.00
# Visual Studio Version 17
VisualStudioVersion = 17.14.36811.4 d17.14
MinimumVisualStudioVersion = 10.0.40219.1
Project("{FAE04EC0-301F-11D3-BF4B-00C04F79EFBC}") = "TechAssetManagement.Web", "TechAssetManagement.Web\TechAssetManagement.Web.csproj", "{5FEEA80C-56E3-4241-8F0D-D95F42A364E2}"
EndProject
Project("{FAE04EC0-301F-11D3-BF4B-00C04F79EFBC}") = "TechAssetManagement.Core", "TechAssetManagement.Core\TechAssetManagement.Core.csproj", "{5536221A-06B4-4968-A58E-803DDFB5BB28}"
EndProject
Project("{FAE04EC0-301F-11D3-BF4B-00C04F79EFBC}") = "TechAssetManagement.Infraestructure", "TechAssetManagement.Infraestructure\TechAssetManagement.Infraestructure.csproj", "{84E254C4-DC7A-4746-8F01-A09BFD5E2C16}"
EndProject
Global
	GlobalSection(SolutionConfigurationPlatforms) = preSolution
		Debug|Any CPU = Debug|Any CPU
		Release|Any CPU = Release|Any CPU
	EndGlobalSection
	GlobalSection(ProjectConfigurationPlatforms) = postSolution
		{5FEEA80C-56E3-4241-8F0D-D95F42A364E2}.Debug|Any CPU.ActiveCfg = Debug|Any CPU
		{5FEEA80C-56E3-4241-8F0D-D95F42A364E2}.Debug|Any CPU.Build.0 = Debug|Any CPU
		{5FEEA80C-56E3-4241-8F0D-D95F42A364E2}.Release|Any CPU.ActiveCfg = Release|Any CPU
		{5FEEA80C-56E3-4241-8F0D-D95F42A364E2}.Release|Any CPU.Build.0 = Release|Any CPU
		{5536221A-06B4-4968-A58E-803DDFB5BB28}.Debug|Any CPU.ActiveCfg = Debug|Any CPU
		{5536221A-06B4-4968-A58E-803DDFB5BB28}.Debug|Any CPU.Build.0 = Debug|Any CPU
		{5536221A-06B4-4968-A58E-803DDFB5BB28}.Release|Any CPU.ActiveCfg = Release|Any CPU
		{5536221A-06B4-4968-A58E-803DDFB5BB28}.Release|Any CPU.Build.0 = Release|Any CPU
		{84E254C4-DC7A-4746-8F01-A09BFD5E2C16}.Debug|Any CPU.ActiveCfg = Debug|Any CPU
		{84E254C4-DC7A-4746-8F01-A09BFD5E2C16}.Debug|Any CPU.Build.0 = Debug|Any CPU
		{84E254C4-DC7A-4746-8F01-A09BFD5E2C16}.Release|Any CPU.ActiveCfg = Release|Any CPU
		{84E254C4-DC7A-4746-8F01-A09BFD5E2C16}.Release|Any CPU.Build.0 = Release|Any CPU
	EndGlobalSection
	GlobalSection(SolutionProperties) = preSolution
		HideSolutionNode = FALSE
	EndGlobalSection
	GlobalSection(ExtensibilityGlobals) = postSolution
		SolutionGuid = {92F3FAD3-ECCF-4140-B549-AEE288B97D07}
	EndGlobalSection
EndGlobal
